
Microsoft Visual Studio Solution File, Format Version 12.00
# Visual Studio Version 17
VisualStudioVersion = 17.13.35919.96
MinimumVisualStudioVersion = 10.0.40219.1
Project("{FAE04EC0-301F-11D3-BF4B-00C04F79EFBC}") = "Bank", "Bank\Bank.csproj", "{6BE459F3-C9F8-4C63-98DC-B5FDE082EEF7}"
EndProject
Project("{FAE04EC0-301F-11D3-BF4B-00C04F79EFBC}") = "TestBank", "TestBank\TestBank.csproj", "{501DB5AE-049E-44A9-9B28-F9661414201B}"
EndProject
Project("{FAE04EC0-301F-11D3-BF4B-00C04F79EFBC}") = "ConsoleApp", "ConsoleApp\ConsoleApp.csproj", "{93AD7D66-EA1D-4198-A8F6-B8DB1584C9BE}"
EndProject
Global
	GlobalSection(SolutionConfigurationPlatforms) = preSolution
		Debug|Any CPU = Debug|Any CPU
		Release|Any CPU = Release|Any CPU
	EndGlobalSection
	GlobalSection(ProjectConfigurationPlatforms) = postSolution
		{6BE459F3-C9F8-4C63-98DC-B5FDE082EEF7}.Debug|Any CPU.ActiveCfg = Debug|Any CPU
		{6BE459F3-C9F8-4C63-98DC-B5FDE082EEF7}.Debug|Any CPU.Build.0 = Debug|Any CPU
		{6BE459F3-C9F8-4C63-98DC-B5FDE082EEF7}.Release|Any CPU.ActiveCfg = Release|Any CPU
		{6BE459F3-C9F8-4C63-98DC-B5FDE082EEF7}.Release|Any CPU.Build.0 = Release|Any CPU
		{501DB5AE-049E-44A9-9B28-F9661414201B}.Debug|Any CPU.ActiveCfg = Debug|Any CPU
		{501DB5AE-049E-44A9-9B28-F9661414201B}.Debug|Any CPU.Build.0 = Debug|Any CPU
		{501DB5AE-049E-44A9-9B28-F9661414201B}.Release|Any CPU.ActiveCfg = Release|Any CPU
		{501DB5AE-049E-44A9-9B28-F9661414201B}.Release|Any CPU.Build.0 = Release|Any CPU
		{93AD7D66-EA1D-4198-A8F6-B8DB1584C9BE}.Debug|Any CPU.ActiveCfg = Debug|Any CPU
		{93AD7D66-EA1D-4198-A8F6-B8DB1584C9BE}.Debug|Any CPU.Build.0 = Debug|Any CPU
		{93AD7D66-EA1D-4198-A8F6-B8DB1584C9BE}.Release|Any CPU.ActiveCfg = Release|Any CPU
		{93AD7D66-EA1D-4198-A8F6-B8DB1584C9BE}.Release|Any CPU.Build.0 = Release|Any CPU
	EndGlobalSection
	GlobalSection(SolutionProperties) = preSolution
		HideSolutionNode = FALSE
	EndGlobalSection
	GlobalSection(ExtensibilityGlobals) = postSolution
		SolutionGuid = {3403BF67-9E8F-4EED-BDB6-A5DD3F4B4E23}
	EndGlobalSection
EndGlobal
